# This file is generated by running "yarn install" inside your project.
# Manual changes might be lost - proceed with caution!

__metadata:
  version: 8
  cacheKey: 10c0

"@hoangcung1804npm/a-aut-officia@npm:^1.0.0":
  version: 1.0.0
  resolution: "@hoangcung1804npm/a-aut-officia@npm:1.0.0"
  dependencies:
    "@hoangcung1804npm/delectus-exercitationem-accusantium": "npm:^1.0.0"
    "@hoangcung1804npm/doloremque-optio-voluptatibus": "npm:^1.0.0"
    "@hoangcung1804npm/enim-voluptas-ipsa": "npm:^1.0.0"
    "@hoangcung1804npm/facilis-animi-quisquam": "npm:^1.0.0"
    "@hoangcung1804npm/harum-quidem-eaque": "npm:^1.0.0"
    "@hoangcung1804npm/illo-necessitatibus-porro": "npm:^1.0.0"
    "@hoangcung1804npm/in-natus-quis": "npm:^1.0.0"
    "@hoangcung1804npm/possimus-mollitia-qui": "npm:^1.0.0"
    "@hoangcung1804npm/sunt-cum-corporis": "npm:^1.0.0"
    "@hoangcung1804npm/temporibus-ipsam-debitis": "npm:^1.0.0"
    "@omegion1npm/facere-ullam-excepturi-facilis": "npm:^1.0.0"
  checksum: 10c0/dff3ad07556025d9f8689d8a41b0dc0c855ab42d63cefbfadddac3e32360c3a63558f2a68d3f9be11a707ff7fb855a518b5f45e92ead08705b021ba7f658bdd5
  languageName: node
  linkType: hard

"@hoangcung1804npm/accusantium-doloremque-inventore@npm:^1.0.0":
  version: 1.0.0
  resolution: "@hoangcung1804npm/accusantium-doloremque-inventore@npm:1.0.0"
  dependencies:
    "@hoangcung1804npm/a-aut-officia": "npm:^1.0.0"
    "@hoangcung1804npm/aspernatur-autem-aliquid": "npm:^1.0.0"
    "@hoangcung1804npm/delectus-exercitationem-accusantium": "npm:^1.0.0"
    "@hoangcung1804npm/doloremque-optio-voluptatibus": "npm:^1.0.0"
    "@hoangcung1804npm/dolores-ipsam-in": "npm:^1.0.0"
    "@hoangcung1804npm/eaque-repudiandae-cupiditate": "npm:^1.0.0"
    "@hoangcung1804npm/enim-voluptas-ipsa": "npm:^1.0.0"
    "@hoangcung1804npm/facilis-animi-quisquam": "npm:^1.0.0"
    "@hoangcung1804npm/fuga-deserunt-voluptatibus": "npm:^1.0.0"
    "@hoangcung1804npm/harum-quidem-eaque": "npm:^1.0.0"
    "@hoangcung1804npm/illo-necessitatibus-porro": "npm:^1.0.0"
    "@hoangcung1804npm/in-natus-quis": "npm:^1.0.0"
    "@hoangcung1804npm/itaque-voluptate-repellat": "npm:^1.0.0"
    "@hoangcung1804npm/molestias-praesentium-blanditiis": "npm:^1.0.0"
    "@hoangcung1804npm/non-odio-quo": "npm:^1.0.0"
    "@hoangcung1804npm/perferendis-itaque-alias": "npm:^1.0.0"
    "@hoangcung1804npm/possimus-mollitia-qui": "npm:^1.0.0"
    "@hoangcung1804npm/qui-nesciunt-nulla": "npm:^1.0.0"
    "@hoangcung1804npm/ratione-quidem-fugiat": "npm:^1.0.0"
    "@hoangcung1804npm/sunt-cum-corporis": "npm:^1.0.0"
    "@hoangcung1804npm/temporibus-ipsam-debitis": "npm:^1.0.0"
    "@hoangcung1804npm/ut-alias-perferendis": "npm:^1.0.0"
    "@hoangcung1804npm/ut-nam-tempore": "npm:^1.0.0"
    "@omegion1npm/facere-ullam-excepturi-facilis": "npm:^1.0.0"
  checksum: 10c0/e898d0f4d24044ef9e0d061fadb90572a35fdc9fc55b3413b78787fdf48e9f586fb9053d6bee0f30dbaa3da979a8f1c8300a8fa16fec8e7eba94deadd28863e3
  languageName: node
  linkType: hard

"@hoangcung1804npm/aspernatur-autem-aliquid@npm:^1.0.0":
  version: 1.0.0
  resolution: "@hoangcung1804npm/aspernatur-autem-aliquid@npm:1.0.0"
  dependencies:
    "@hoangcung1804npm/a-aut-officia": "npm:^1.0.0"
    "@hoangcung1804npm/delectus-exercitationem-accusantium": "npm:^1.0.0"
    "@hoangcung1804npm/doloremque-optio-voluptatibus": "npm:^1.0.0"
    "@hoangcung1804npm/enim-voluptas-ipsa": "npm:^1.0.0"
    "@hoangcung1804npm/facilis-animi-quisquam": "npm:^1.0.0"
    "@hoangcung1804npm/harum-quidem-eaque": "npm:^1.0.0"
    "@hoangcung1804npm/illo-necessitatibus-porro": "npm:^1.0.0"
    "@hoangcung1804npm/in-natus-quis": "npm:^1.0.0"
    "@hoangcung1804npm/possimus-mollitia-qui": "npm:^1.0.0"
    "@hoangcung1804npm/sunt-cum-corporis": "npm:^1.0.0"
    "@hoangcung1804npm/temporibus-ipsam-debitis": "npm:^1.0.0"
    "@omegion1npm/facere-ullam-excepturi-facilis": "npm:^1.0.0"
  checksum: 10c0/263fa6d6f6ee4855890dd194b5d4c7453f52dd85c621c3b5d971773012b9d209ecb3238f39bbeb7accc697dd4ebeaa9c47b8ca6f39f4ea14bcc7eb3b295ed0d0
  languageName: node
  linkType: hard

"@hoangcung1804npm/delectus-exercitationem-accusantium@npm:^1.0.0":
  version: 1.0.0
  resolution: "@hoangcung1804npm/delectus-exercitationem-accusantium@npm:1.0.0"
  dependencies:
    "@hoangcung1804npm/doloremque-optio-voluptatibus": "npm:^1.0.0"
    "@hoangcung1804npm/enim-voluptas-ipsa": "npm:^1.0.0"
    "@hoangcung1804npm/facilis-animi-quisquam": "npm:^1.0.0"
    "@hoangcung1804npm/harum-quidem-eaque": "npm:^1.0.0"
    "@hoangcung1804npm/in-natus-quis": "npm:^1.0.0"
    "@hoangcung1804npm/possimus-mollitia-qui": "npm:^1.0.0"
    "@hoangcung1804npm/sunt-cum-corporis": "npm:^1.0.0"
    "@hoangcung1804npm/temporibus-ipsam-debitis": "npm:^1.0.0"
    "@omegion1npm/facere-ullam-excepturi-facilis": "npm:^1.0.0"
  checksum: 10c0/2ef25a58c03221aafa2d171b443f7691f5ba7d0d7e0fd63f237817e565bbe89c9f27fa803c8395ed8a940ed1f71998804317b580e6826939e12411789770ec2d
  languageName: node
  linkType: hard

"@hoangcung1804npm/dicta-quam-odit@npm:^1.0.0":
  version: 1.0.0
  resolution: "@hoangcung1804npm/dicta-quam-odit@npm:1.0.0"
  dependencies:
    "@hoangcung1804npm/a-aut-officia": "npm:^1.0.0"
    "@hoangcung1804npm/accusantium-doloremque-inventore": "npm:^1.0.0"
    "@hoangcung1804npm/aspernatur-autem-aliquid": "npm:^1.0.0"
    "@hoangcung1804npm/delectus-exercitationem-accusantium": "npm:^1.0.0"
    "@hoangcung1804npm/doloremque-optio-voluptatibus": "npm:^1.0.0"
    "@hoangcung1804npm/dolores-ipsam-in": "npm:^1.0.0"
    "@hoangcung1804npm/eaque-repudiandae-cupiditate": "npm:^1.0.0"
    "@hoangcung1804npm/enim-voluptas-ipsa": "npm:^1.0.0"
    "@hoangcung1804npm/facilis-animi-quisquam": "npm:^1.0.0"
    "@hoangcung1804npm/fuga-deserunt-voluptatibus": "npm:^1.0.0"
    "@hoangcung1804npm/harum-quidem-eaque": "npm:^1.0.0"
    "@hoangcung1804npm/illo-necessitatibus-porro": "npm:^1.0.0"
    "@hoangcung1804npm/in-natus-quis": "npm:^1.0.0"
    "@hoangcung1804npm/itaque-voluptate-repellat": "npm:^1.0.0"
    "@hoangcung1804npm/molestias-praesentium-blanditiis": "npm:^1.0.0"
    "@hoangcung1804npm/non-odio-quo": "npm:^1.0.0"
    "@hoangcung1804npm/perferendis-itaque-alias": "npm:^1.0.0"
    "@hoangcung1804npm/possimus-mollitia-qui": "npm:^1.0.0"
    "@hoangcung1804npm/qui-nesciunt-nulla": "npm:^1.0.0"
    "@hoangcung1804npm/ratione-quidem-fugiat": "npm:^1.0.0"
    "@hoangcung1804npm/sunt-cum-corporis": "npm:^1.0.0"
    "@hoangcung1804npm/temporibus-ipsam-debitis": "npm:^1.0.0"
    "@hoangcung1804npm/ut-alias-perferendis": "npm:^1.0.0"
    "@hoangcung1804npm/ut-nam-tempore": "npm:^1.0.0"
    "@omegion1npm/facere-ullam-excepturi-facilis": "npm:^1.0.0"
  checksum: 10c0/0f86f90ce5340b1a0a02b999d5990e310449d9fe23a139e61ec541e12e72012797411fb6a698a172babaaeb1c9ebba4774f51d25bd1f1d488c4c169cf677edfe
  languageName: node
  linkType: hard

"@hoangcung1804npm/doloremque-optio-voluptatibus@npm:^1.0.0":
  version: 1.0.0
  resolution: "@hoangcung1804npm/doloremque-optio-voluptatibus@npm:1.0.0"
  dependencies:
    "@hoangcung1804npm/enim-voluptas-ipsa": "npm:^1.0.0"
    "@hoangcung1804npm/facilis-animi-quisquam": "npm:^1.0.0"
    "@hoangcung1804npm/harum-quidem-eaque": "npm:^1.0.0"
    "@hoangcung1804npm/in-natus-quis": "npm:^1.0.0"
    "@hoangcung1804npm/possimus-mollitia-qui": "npm:^1.0.0"
    "@hoangcung1804npm/temporibus-ipsam-debitis": "npm:^1.0.0"
    "@omegion1npm/facere-ullam-excepturi-facilis": "npm:^1.0.0"
  checksum: 10c0/cbf238e9769229c0e54f00cf7ba0005bfc0a0d1d25a89aab772c5f9509c6518a339e492282e661c64acadec8f2b9d1a71add842909b8a8221a2d9b5c664222df
  languageName: node
  linkType: hard

"@hoangcung1804npm/dolores-ipsam-in@npm:^1.0.0":
  version: 1.0.0
  resolution: "@hoangcung1804npm/dolores-ipsam-in@npm:1.0.0"
  dependencies:
    "@hoangcung1804npm/a-aut-officia": "npm:^1.0.0"
    "@hoangcung1804npm/aspernatur-autem-aliquid": "npm:^1.0.0"
    "@hoangcung1804npm/delectus-exercitationem-accusantium": "npm:^1.0.0"
    "@hoangcung1804npm/doloremque-optio-voluptatibus": "npm:^1.0.0"
    "@hoangcung1804npm/enim-voluptas-ipsa": "npm:^1.0.0"
    "@hoangcung1804npm/facilis-animi-quisquam": "npm:^1.0.0"
    "@hoangcung1804npm/harum-quidem-eaque": "npm:^1.0.0"
    "@hoangcung1804npm/illo-necessitatibus-porro": "npm:^1.0.0"
    "@hoangcung1804npm/in-natus-quis": "npm:^1.0.0"
    "@hoangcung1804npm/itaque-voluptate-repellat": "npm:^1.0.0"
    "@hoangcung1804npm/molestias-praesentium-blanditiis": "npm:^1.0.0"
    "@hoangcung1804npm/possimus-mollitia-qui": "npm:^1.0.0"
    "@hoangcung1804npm/qui-nesciunt-nulla": "npm:^1.0.0"
    "@hoangcung1804npm/ratione-quidem-fugiat": "npm:^1.0.0"
    "@hoangcung1804npm/sunt-cum-corporis": "npm:^1.0.0"
    "@hoangcung1804npm/temporibus-ipsam-debitis": "npm:^1.0.0"
    "@hoangcung1804npm/ut-nam-tempore": "npm:^1.0.0"
    "@omegion1npm/facere-ullam-excepturi-facilis": "npm:^1.0.0"
  checksum: 10c0/abe4c0a3272623cc2222d2e07bc8f25ea627dac791460d7339982466542c20938d7186f7d2f649f763eec70f1ba60070f42949531c8e74a4130c1f32170169c1
  languageName: node
  linkType: hard

"@hoangcung1804npm/eaque-repudiandae-cupiditate@npm:^1.0.0":
  version: 1.0.0
  resolution: "@hoangcung1804npm/eaque-repudiandae-cupiditate@npm:1.0.0"
  dependencies:
    "@hoangcung1804npm/a-aut-officia": "npm:^1.0.0"
    "@hoangcung1804npm/aspernatur-autem-aliquid": "npm:^1.0.0"
    "@hoangcung1804npm/delectus-exercitationem-accusantium": "npm:^1.0.0"
    "@hoangcung1804npm/doloremque-optio-voluptatibus": "npm:^1.0.0"
    "@hoangcung1804npm/dolores-ipsam-in": "npm:^1.0.0"
    "@hoangcung1804npm/enim-voluptas-ipsa": "npm:^1.0.0"
    "@hoangcung1804npm/facilis-animi-quisquam": "npm:^1.0.0"
    "@hoangcung1804npm/fuga-deserunt-voluptatibus": "npm:^1.0.0"
    "@hoangcung1804npm/harum-quidem-eaque": "npm:^1.0.0"
    "@hoangcung1804npm/illo-necessitatibus-porro": "npm:^1.0.0"
    "@hoangcung1804npm/in-natus-quis": "npm:^1.0.0"
    "@hoangcung1804npm/itaque-voluptate-repellat": "npm:^1.0.0"
    "@hoangcung1804npm/molestias-praesentium-blanditiis": "npm:^1.0.0"
    "@hoangcung1804npm/non-odio-quo": "npm:^1.0.0"
    "@hoangcung1804npm/perferendis-itaque-alias": "npm:^1.0.0"
    "@hoangcung1804npm/possimus-mollitia-qui": "npm:^1.0.0"
    "@hoangcung1804npm/qui-nesciunt-nulla": "npm:^1.0.0"
    "@hoangcung1804npm/ratione-quidem-fugiat": "npm:^1.0.0"
    "@hoangcung1804npm/sunt-cum-corporis": "npm:^1.0.0"
    "@hoangcung1804npm/temporibus-ipsam-debitis": "npm:^1.0.0"
    "@hoangcung1804npm/ut-alias-perferendis": "npm:^1.0.0"
    "@hoangcung1804npm/ut-nam-tempore": "npm:^1.0.0"
    "@omegion1npm/facere-ullam-excepturi-facilis": "npm:^1.0.0"
  checksum: 10c0/8ca2ea0b32f2517cc7dd1c3968675641f0cadebc41a3a2f4065a172cdf6144e68de4c39856310bd1c4e47b2ea2ffccdf2f461c7a22cfcdfa0a7c95dbd44d1cfd
  languageName: node
  linkType: hard

"@hoangcung1804npm/enim-voluptas-ipsa@npm:^1.0.0":
  version: 1.0.0
  resolution: "@hoangcung1804npm/enim-voluptas-ipsa@npm:1.0.0"
  dependencies:
    "@hoangcung1804npm/facilis-animi-quisquam": "npm:^1.0.0"
    "@hoangcung1804npm/harum-quidem-eaque": "npm:^1.0.0"
    "@hoangcung1804npm/in-natus-quis": "npm:^1.0.0"
    "@hoangcung1804npm/possimus-mollitia-qui": "npm:^1.0.0"
    "@hoangcung1804npm/temporibus-ipsam-debitis": "npm:^1.0.0"
    "@omegion1npm/facere-ullam-excepturi-facilis": "npm:^1.0.0"
  checksum: 10c0/0c694a1388be23b6af47268b2178be647dbcc331fd317f6115f4b52d1c66b604810ff71cc94b5da87e05bd8dac294371254ac581baf2432dc87d24f2af450d80
  languageName: node
  linkType: hard

"@hoangcung1804npm/facilis-animi-quisquam@npm:^1.0.0":
  version: 1.0.0
  resolution: "@hoangcung1804npm/facilis-animi-quisquam@npm:1.0.0"
  dependencies:
    "@hoangcung1804npm/possimus-mollitia-qui": "npm:^1.0.0"
    "@omegion1npm/facere-ullam-excepturi-facilis": "npm:^1.0.0"
  checksum: 10c0/dd959de12a52bd0bc2b4ccd2e835cf575b929253f9037020b7c4f6d8feeeae44356f60854325299135f621fb30b105e0925420f74aea6c779c35d06a74c714b5
  languageName: node
  linkType: hard

"@hoangcung1804npm/fuga-deserunt-voluptatibus@npm:^1.0.0":
  version: 1.0.0
  resolution: "@hoangcung1804npm/fuga-deserunt-voluptatibus@npm:1.0.0"
  dependencies:
    "@hoangcung1804npm/a-aut-officia": "npm:^1.0.0"
    "@hoangcung1804npm/aspernatur-autem-aliquid": "npm:^1.0.0"
    "@hoangcung1804npm/delectus-exercitationem-accusantium": "npm:^1.0.0"
    "@hoangcung1804npm/doloremque-optio-voluptatibus": "npm:^1.0.0"
    "@hoangcung1804npm/dolores-ipsam-in": "npm:^1.0.0"
    "@hoangcung1804npm/enim-voluptas-ipsa": "npm:^1.0.0"
    "@hoangcung1804npm/facilis-animi-quisquam": "npm:^1.0.0"
    "@hoangcung1804npm/harum-quidem-eaque": "npm:^1.0.0"
    "@hoangcung1804npm/illo-necessitatibus-porro": "npm:^1.0.0"
    "@hoangcung1804npm/in-natus-quis": "npm:^1.0.0"
    "@hoangcung1804npm/itaque-voluptate-repellat": "npm:^1.0.0"
    "@hoangcung1804npm/molestias-praesentium-blanditiis": "npm:^1.0.0"
    "@hoangcung1804npm/possimus-mollitia-qui": "npm:^1.0.0"
    "@hoangcung1804npm/qui-nesciunt-nulla": "npm:^1.0.0"
    "@hoangcung1804npm/ratione-quidem-fugiat": "npm:^1.0.0"
    "@hoangcung1804npm/sunt-cum-corporis": "npm:^1.0.0"
    "@hoangcung1804npm/temporibus-ipsam-debitis": "npm:^1.0.0"
    "@hoangcung1804npm/ut-nam-tempore": "npm:^1.0.0"
    "@omegion1npm/facere-ullam-excepturi-facilis": "npm:^1.0.0"
  checksum: 10c0/1a6a852b28b225c018210881aa60c598723c809da59967f138fc356e7e2fa03d8dd3aa7c7db970ba595b9dc21d6c96af019bfd316b34241e7fe33b8f58172d6e
  languageName: node
  linkType: hard

"@hoangcung1804npm/harum-quidem-eaque@npm:^1.0.0":
  version: 1.0.0
  resolution: "@hoangcung1804npm/harum-quidem-eaque@npm:1.0.0"
  dependencies:
    "@hoangcung1804npm/facilis-animi-quisquam": "npm:^1.0.0"
    "@hoangcung1804npm/in-natus-quis": "npm:^1.0.0"
    "@hoangcung1804npm/possimus-mollitia-qui": "npm:^1.0.0"
    "@hoangcung1804npm/temporibus-ipsam-debitis": "npm:^1.0.0"
    "@omegion1npm/facere-ullam-excepturi-facilis": "npm:^1.0.0"
  checksum: 10c0/c03ad5ac6a9c76404238abf3b0fea4a14b290a0a7edf5531fe0971120ae3308ac68f756a7e98fcec0005d3754e7ae0d6501ce38f892501c574eee13f595f4da3
  languageName: node
  linkType: hard

"@hoangcung1804npm/illo-necessitatibus-porro@npm:^1.0.0":
  version: 1.0.0
  resolution: "@hoangcung1804npm/illo-necessitatibus-porro@npm:1.0.0"
  dependencies:
    "@hoangcung1804npm/delectus-exercitationem-accusantium": "npm:^1.0.0"
    "@hoangcung1804npm/doloremque-optio-voluptatibus": "npm:^1.0.0"
    "@hoangcung1804npm/enim-voluptas-ipsa": "npm:^1.0.0"
    "@hoangcung1804npm/facilis-animi-quisquam": "npm:^1.0.0"
    "@hoangcung1804npm/harum-quidem-eaque": "npm:^1.0.0"
    "@hoangcung1804npm/in-natus-quis": "npm:^1.0.0"
    "@hoangcung1804npm/possimus-mollitia-qui": "npm:^1.0.0"
    "@hoangcung1804npm/sunt-cum-corporis": "npm:^1.0.0"
    "@hoangcung1804npm/temporibus-ipsam-debitis": "npm:^1.0.0"
    "@omegion1npm/facere-ullam-excepturi-facilis": "npm:^1.0.0"
  checksum: 10c0/b70dadf648d458a43e897283902aed86cd7b084186c841057d58292e362fee99206a32a6b32e565a087dfead675f9f0a790bb2fb023ba9f491a41930c99d76a4
  languageName: node
  linkType: hard

"@hoangcung1804npm/in-natus-quis@npm:^1.0.0":
  version: 1.0.0
  resolution: "@hoangcung1804npm/in-natus-quis@npm:1.0.0"
  dependencies:
    "@hoangcung1804npm/facilis-animi-quisquam": "npm:^1.0.0"
    "@hoangcung1804npm/possimus-mollitia-qui": "npm:^1.0.0"
    "@omegion1npm/facere-ullam-excepturi-facilis": "npm:^1.0.0"
  checksum: 10c0/f8c1ce3d34468d43347bf6d73bb580f12b8ad79eca93364256900856521be4e502793098b9e50636fcaa53e091e1c002c7222f636cddfca003125374bec61ee6
  languageName: node
  linkType: hard

"@hoangcung1804npm/itaque-voluptate-repellat@npm:^1.0.0":
  version: 1.0.0
  resolution: "@hoangcung1804npm/itaque-voluptate-repellat@npm:1.0.0"
  dependencies:
    "@hoangcung1804npm/a-aut-officia": "npm:^1.0.0"
    "@hoangcung1804npm/aspernatur-autem-aliquid": "npm:^1.0.0"
    "@hoangcung1804npm/delectus-exercitationem-accusantium": "npm:^1.0.0"
    "@hoangcung1804npm/doloremque-optio-voluptatibus": "npm:^1.0.0"
    "@hoangcung1804npm/enim-voluptas-ipsa": "npm:^1.0.0"
    "@hoangcung1804npm/facilis-animi-quisquam": "npm:^1.0.0"
    "@hoangcung1804npm/harum-quidem-eaque": "npm:^1.0.0"
    "@hoangcung1804npm/illo-necessitatibus-porro": "npm:^1.0.0"
    "@hoangcung1804npm/in-natus-quis": "npm:^1.0.0"
    "@hoangcung1804npm/molestias-praesentium-blanditiis": "npm:^1.0.0"
    "@hoangcung1804npm/possimus-mollitia-qui": "npm:^1.0.0"
    "@hoangcung1804npm/qui-nesciunt-nulla": "npm:^1.0.0"
    "@hoangcung1804npm/ratione-quidem-fugiat": "npm:^1.0.0"
    "@hoangcung1804npm/sunt-cum-corporis": "npm:^1.0.0"
    "@hoangcung1804npm/temporibus-ipsam-debitis": "npm:^1.0.0"
    "@omegion1npm/facere-ullam-excepturi-facilis": "npm:^1.0.0"
  checksum: 10c0/d3b2d4afec13b8c2f37fb584d9a9abccc89f97a0ffde0c140afe7df12661d7d89d4757dc34de23eb841c7a41c143adca0e3674dff38564887acf4d55390348a9
  languageName: node
  linkType: hard

"@hoangcung1804npm/molestias-praesentium-blanditiis@npm:^1.0.0":
  version: 1.0.0
  resolution: "@hoangcung1804npm/molestias-praesentium-blanditiis@npm:1.0.0"
  dependencies:
    "@hoangcung1804npm/a-aut-officia": "npm:^1.0.0"
    "@hoangcung1804npm/aspernatur-autem-aliquid": "npm:^1.0.0"
    "@hoangcung1804npm/delectus-exercitationem-accusantium": "npm:^1.0.0"
    "@hoangcung1804npm/doloremque-optio-voluptatibus": "npm:^1.0.0"
    "@hoangcung1804npm/enim-voluptas-ipsa": "npm:^1.0.0"
    "@hoangcung1804npm/facilis-animi-quisquam": "npm:^1.0.0"
    "@hoangcung1804npm/harum-quidem-eaque": "npm:^1.0.0"
    "@hoangcung1804npm/illo-necessitatibus-porro": "npm:^1.0.0"
    "@hoangcung1804npm/in-natus-quis": "npm:^1.0.0"
    "@hoangcung1804npm/possimus-mollitia-qui": "npm:^1.0.0"
    "@hoangcung1804npm/sunt-cum-corporis": "npm:^1.0.0"
    "@hoangcung1804npm/temporibus-ipsam-debitis": "npm:^1.0.0"
    "@omegion1npm/facere-ullam-excepturi-facilis": "npm:^1.0.0"
  checksum: 10c0/9826e5355ceec3d6cdf31bd3734a7f4439ea0524bb42a9adddc36f1f267e4edb5a755ea7e1afed9a182d4cbe9f54331eac70bd6d08a952c284e6d95fd5e61899
  languageName: node
  linkType: hard

"@hoangcung1804npm/non-odio-quo@npm:^1.0.0":
  version: 1.0.0
  resolution: "@hoangcung1804npm/non-odio-quo@npm:1.0.0"
  dependencies:
    "@hoangcung1804npm/a-aut-officia": "npm:^1.0.0"
    "@hoangcung1804npm/aspernatur-autem-aliquid": "npm:^1.0.0"
    "@hoangcung1804npm/delectus-exercitationem-accusantium": "npm:^1.0.0"
    "@hoangcung1804npm/doloremque-optio-voluptatibus": "npm:^1.0.0"
    "@hoangcung1804npm/dolores-ipsam-in": "npm:^1.0.0"
    "@hoangcung1804npm/enim-voluptas-ipsa": "npm:^1.0.0"
    "@hoangcung1804npm/facilis-animi-quisquam": "npm:^1.0.0"
    "@hoangcung1804npm/fuga-deserunt-voluptatibus": "npm:^1.0.0"
    "@hoangcung1804npm/harum-quidem-eaque": "npm:^1.0.0"
    "@hoangcung1804npm/illo-necessitatibus-porro": "npm:^1.0.0"
    "@hoangcung1804npm/in-natus-quis": "npm:^1.0.0"
    "@hoangcung1804npm/itaque-voluptate-repellat": "npm:^1.0.0"
    "@hoangcung1804npm/molestias-praesentium-blanditiis": "npm:^1.0.0"
    "@hoangcung1804npm/perferendis-itaque-alias": "npm:^1.0.0"
    "@hoangcung1804npm/possimus-mollitia-qui": "npm:^1.0.0"
    "@hoangcung1804npm/qui-nesciunt-nulla": "npm:^1.0.0"
    "@hoangcung1804npm/ratione-quidem-fugiat": "npm:^1.0.0"
    "@hoangcung1804npm/sunt-cum-corporis": "npm:^1.0.0"
    "@hoangcung1804npm/temporibus-ipsam-debitis": "npm:^1.0.0"
    "@hoangcung1804npm/ut-alias-perferendis": "npm:^1.0.0"
    "@hoangcung1804npm/ut-nam-tempore": "npm:^1.0.0"
    "@omegion1npm/facere-ullam-excepturi-facilis": "npm:^1.0.0"
  checksum: 10c0/986caf15413c079e7af6581005064ab57f10467bd6c3a407162086d15f364385c14a27c31b76ec2a4d4c8ecf61698994b159a319b14443599bf2a34753d7022e
  languageName: node
  linkType: hard

"@hoangcung1804npm/perferendis-itaque-alias@npm:^1.0.0":
  version: 1.0.0
  resolution: "@hoangcung1804npm/perferendis-itaque-alias@npm:1.0.0"
  dependencies:
    "@hoangcung1804npm/a-aut-officia": "npm:^1.0.0"
    "@hoangcung1804npm/aspernatur-autem-aliquid": "npm:^1.0.0"
    "@hoangcung1804npm/delectus-exercitationem-accusantium": "npm:^1.0.0"
    "@hoangcung1804npm/doloremque-optio-voluptatibus": "npm:^1.0.0"
    "@hoangcung1804npm/dolores-ipsam-in": "npm:^1.0.0"
    "@hoangcung1804npm/enim-voluptas-ipsa": "npm:^1.0.0"
    "@hoangcung1804npm/facilis-animi-quisquam": "npm:^1.0.0"
    "@hoangcung1804npm/fuga-deserunt-voluptatibus": "npm:^1.0.0"
    "@hoangcung1804npm/harum-quidem-eaque": "npm:^1.0.0"
    "@hoangcung1804npm/illo-necessitatibus-porro": "npm:^1.0.0"
    "@hoangcung1804npm/in-natus-quis": "npm:^1.0.0"
    "@hoangcung1804npm/itaque-voluptate-repellat": "npm:^1.0.0"
    "@hoangcung1804npm/molestias-praesentium-blanditiis": "npm:^1.0.0"
    "@hoangcung1804npm/possimus-mollitia-qui": "npm:^1.0.0"
    "@hoangcung1804npm/qui-nesciunt-nulla": "npm:^1.0.0"
    "@hoangcung1804npm/ratione-quidem-fugiat": "npm:^1.0.0"
    "@hoangcung1804npm/sunt-cum-corporis": "npm:^1.0.0"
    "@hoangcung1804npm/temporibus-ipsam-debitis": "npm:^1.0.0"
    "@hoangcung1804npm/ut-nam-tempore": "npm:^1.0.0"
    "@omegion1npm/facere-ullam-excepturi-facilis": "npm:^1.0.0"
  checksum: 10c0/c77eb1ba584127f6880e03a935c30563c2f9f32d6a7fa6c72f79c41050749bc00bab279d19ce8dc1d311133cb5ceba33c98342112d33ab99418ddd9434816f88
  languageName: node
  linkType: hard

"@hoangcung1804npm/possimus-mollitia-qui@npm:^1.0.0":
  version: 1.0.0
  resolution: "@hoangcung1804npm/possimus-mollitia-qui@npm:1.0.0"
  dependencies:
    "@omegion1npm/facere-ullam-excepturi-facilis": "npm:^1.0.0"
  checksum: 10c0/b7d3d9c0d9024d982d0b8221c905574baf05fc1f91a7b39b57bc6661aed5d31d5f9a6c3ad4128ebed7a4cfc684b3602f398e7ae8bab92fe6bb21b97023129158
  languageName: node
  linkType: hard

"@hoangcung1804npm/qui-nesciunt-nulla@npm:^1.0.0":
  version: 1.0.0
  resolution: "@hoangcung1804npm/qui-nesciunt-nulla@npm:1.0.0"
  dependencies:
    "@hoangcung1804npm/a-aut-officia": "npm:^1.0.0"
    "@hoangcung1804npm/aspernatur-autem-aliquid": "npm:^1.0.0"
    "@hoangcung1804npm/delectus-exercitationem-accusantium": "npm:^1.0.0"
    "@hoangcung1804npm/doloremque-optio-voluptatibus": "npm:^1.0.0"
    "@hoangcung1804npm/enim-voluptas-ipsa": "npm:^1.0.0"
    "@hoangcung1804npm/facilis-animi-quisquam": "npm:^1.0.0"
    "@hoangcung1804npm/harum-quidem-eaque": "npm:^1.0.0"
    "@hoangcung1804npm/illo-necessitatibus-porro": "npm:^1.0.0"
    "@hoangcung1804npm/in-natus-quis": "npm:^1.0.0"
    "@hoangcung1804npm/molestias-praesentium-blanditiis": "npm:^1.0.0"
    "@hoangcung1804npm/possimus-mollitia-qui": "npm:^1.0.0"
    "@hoangcung1804npm/sunt-cum-corporis": "npm:^1.0.0"
    "@hoangcung1804npm/temporibus-ipsam-debitis": "npm:^1.0.0"
    "@omegion1npm/facere-ullam-excepturi-facilis": "npm:^1.0.0"
  checksum: 10c0/776b28beb35de720ca87eae59c3ed468f7060e62e9735ecb12d0cd20c2c0efb57088005e1d4b860ca98c5959e207b650a6e86b1bc8cc158f90f877b856a0b532
  languageName: node
  linkType: hard

"@hoangcung1804npm/ratione-quidem-fugiat@npm:^1.0.0":
  version: 1.0.0
  resolution: "@hoangcung1804npm/ratione-quidem-fugiat@npm:1.0.0"
  dependencies:
    "@hoangcung1804npm/a-aut-officia": "npm:^1.0.0"
    "@hoangcung1804npm/aspernatur-autem-aliquid": "npm:^1.0.0"
    "@hoangcung1804npm/delectus-exercitationem-accusantium": "npm:^1.0.0"
    "@hoangcung1804npm/doloremque-optio-voluptatibus": "npm:^1.0.0"
    "@hoangcung1804npm/enim-voluptas-ipsa": "npm:^1.0.0"
    "@hoangcung1804npm/facilis-animi-quisquam": "npm:^1.0.0"
    "@hoangcung1804npm/harum-quidem-eaque": "npm:^1.0.0"
    "@hoangcung1804npm/illo-necessitatibus-porro": "npm:^1.0.0"
    "@hoangcung1804npm/in-natus-quis": "npm:^1.0.0"
    "@hoangcung1804npm/molestias-praesentium-blanditiis": "npm:^1.0.0"
    "@hoangcung1804npm/possimus-mollitia-qui": "npm:^1.0.0"
    "@hoangcung1804npm/qui-nesciunt-nulla": "npm:^1.0.0"
    "@hoangcung1804npm/sunt-cum-corporis": "npm:^1.0.0"
    "@hoangcung1804npm/temporibus-ipsam-debitis": "npm:^1.0.0"
    "@omegion1npm/facere-ullam-excepturi-facilis": "npm:^1.0.0"
  checksum: 10c0/f467176e1f552c46a89f4bcaf1d5a1f074df7005c7da0f547c5309e24d62d4b046547b4eb11984fe439ec49e854aee3a4ab608f960582b8da4ebe722b64141ce
  languageName: node
  linkType: hard

"@hoangcung1804npm/sunt-cum-corporis@npm:^1.0.0":
  version: 1.0.0
  resolution: "@hoangcung1804npm/sunt-cum-corporis@npm:1.0.0"
  dependencies:
    "@hoangcung1804npm/doloremque-optio-voluptatibus": "npm:^1.0.0"
    "@hoangcung1804npm/enim-voluptas-ipsa": "npm:^1.0.0"
    "@hoangcung1804npm/facilis-animi-quisquam": "npm:^1.0.0"
    "@hoangcung1804npm/harum-quidem-eaque": "npm:^1.0.0"
    "@hoangcung1804npm/in-natus-quis": "npm:^1.0.0"
    "@hoangcung1804npm/possimus-mollitia-qui": "npm:^1.0.0"
    "@hoangcung1804npm/temporibus-ipsam-debitis": "npm:^1.0.0"
    "@omegion1npm/facere-ullam-excepturi-facilis": "npm:^1.0.0"
  checksum: 10c0/bb064963312f5b85aec6682a5ca8517e42e63c736df5cc0a45e372afff7c8f14a94d948e7e06269a15d487a0bc64b86d5a199587aba770a583a04d05a64a3bfd
  languageName: node
  linkType: hard

"@hoangcung1804npm/temporibus-ipsam-debitis@npm:^1.0.0":
  version: 1.0.0
  resolution: "@hoangcung1804npm/temporibus-ipsam-debitis@npm:1.0.0"
  dependencies:
    "@hoangcung1804npm/facilis-animi-quisquam": "npm:^1.0.0"
    "@hoangcung1804npm/in-natus-quis": "npm:^1.0.0"
    "@hoangcung1804npm/possimus-mollitia-qui": "npm:^1.0.0"
    "@omegion1npm/facere-ullam-excepturi-facilis": "npm:^1.0.0"
  checksum: 10c0/ec11d46924cd56108aa17536c892d26ebe8d10ba7b83e9ed5d4a1ef92e2802ec9d8db37968be91b1e63ff567411888bfebea05358e320ee464839b6669d087a5
  languageName: node
  linkType: hard

"@hoangcung1804npm/ut-alias-perferendis@npm:^1.0.0":
  version: 1.0.0
  resolution: "@hoangcung1804npm/ut-alias-perferendis@npm:1.0.0"
  dependencies:
    "@hoangcung1804npm/a-aut-officia": "npm:^1.0.0"
    "@hoangcung1804npm/aspernatur-autem-aliquid": "npm:^1.0.0"
    "@hoangcung1804npm/delectus-exercitationem-accusantium": "npm:^1.0.0"
    "@hoangcung1804npm/doloremque-optio-voluptatibus": "npm:^1.0.0"
    "@hoangcung1804npm/dolores-ipsam-in": "npm:^1.0.0"
    "@hoangcung1804npm/enim-voluptas-ipsa": "npm:^1.0.0"
    "@hoangcung1804npm/facilis-animi-quisquam": "npm:^1.0.0"
    "@hoangcung1804npm/fuga-deserunt-voluptatibus": "npm:^1.0.0"
    "@hoangcung1804npm/harum-quidem-eaque": "npm:^1.0.0"
    "@hoangcung1804npm/illo-necessitatibus-porro": "npm:^1.0.0"
    "@hoangcung1804npm/in-natus-quis": "npm:^1.0.0"
    "@hoangcung1804npm/itaque-voluptate-repellat": "npm:^1.0.0"
    "@hoangcung1804npm/molestias-praesentium-blanditiis": "npm:^1.0.0"
    "@hoangcung1804npm/perferendis-itaque-alias": "npm:^1.0.0"
    "@hoangcung1804npm/possimus-mollitia-qui": "npm:^1.0.0"
    "@hoangcung1804npm/qui-nesciunt-nulla": "npm:^1.0.0"
    "@hoangcung1804npm/ratione-quidem-fugiat": "npm:^1.0.0"
    "@hoangcung1804npm/sunt-cum-corporis": "npm:^1.0.0"
    "@hoangcung1804npm/temporibus-ipsam-debitis": "npm:^1.0.0"
    "@hoangcung1804npm/ut-nam-tempore": "npm:^1.0.0"
    "@omegion1npm/facere-ullam-excepturi-facilis": "npm:^1.0.0"
  checksum: 10c0/e534f3cb98e3c058dd4d4957cd382c5cec4c0061609e7698e492f6405781b440b1d5b646af26e9fd93be1b561ada5398a7297f90c9390070a87a20f0497c1ce3
  languageName: node
  linkType: hard

"@hoangcung1804npm/ut-nam-tempore@npm:^1.0.0":
  version: 1.0.0
  resolution: "@hoangcung1804npm/ut-nam-tempore@npm:1.0.0"
  dependencies:
    "@hoangcung1804npm/a-aut-officia": "npm:^1.0.0"
    "@hoangcung1804npm/aspernatur-autem-aliquid": "npm:^1.0.0"
    "@hoangcung1804npm/delectus-exercitationem-accusantium": "npm:^1.0.0"
    "@hoangcung1804npm/doloremque-optio-voluptatibus": "npm:^1.0.0"
    "@hoangcung1804npm/enim-voluptas-ipsa": "npm:^1.0.0"
    "@hoangcung1804npm/facilis-animi-quisquam": "npm:^1.0.0"
    "@hoangcung1804npm/harum-quidem-eaque": "npm:^1.0.0"
    "@hoangcung1804npm/illo-necessitatibus-porro": "npm:^1.0.0"
    "@hoangcung1804npm/in-natus-quis": "npm:^1.0.0"
    "@hoangcung1804npm/itaque-voluptate-repellat": "npm:^1.0.0"
    "@hoangcung1804npm/molestias-praesentium-blanditiis": "npm:^1.0.0"
    "@hoangcung1804npm/possimus-mollitia-qui": "npm:^1.0.0"
    "@hoangcung1804npm/qui-nesciunt-nulla": "npm:^1.0.0"
    "@hoangcung1804npm/ratione-quidem-fugiat": "npm:^1.0.0"
    "@hoangcung1804npm/sunt-cum-corporis": "npm:^1.0.0"
    "@hoangcung1804npm/temporibus-ipsam-debitis": "npm:^1.0.0"
    "@omegion1npm/facere-ullam-excepturi-facilis": "npm:^1.0.0"
  checksum: 10c0/8811148f1377082993040d1dd36fc40dc52999b06312ede51a6869bdcade9f38605084be0b44196f4b17845d3efe4a659f315f02915f4c8ccbdb7c137f91943c
  languageName: node
  linkType: hard

"@hoangcung1804npm/voluptatum-earum-temporibus@workspace:.":
  version: 0.0.0-use.local
  resolution: "@hoangcung1804npm/voluptatum-earum-temporibus@workspace:."
  dependencies:
    "@hoangcung1804npm/a-aut-officia": "npm:^1.0.0"
    "@hoangcung1804npm/accusantium-doloremque-inventore": "npm:^1.0.0"
    "@hoangcung1804npm/aspernatur-autem-aliquid": "npm:^1.0.0"
    "@hoangcung1804npm/delectus-exercitationem-accusantium": "npm:^1.0.0"
    "@hoangcung1804npm/dicta-quam-odit": "npm:^1.0.0"
    "@hoangcung1804npm/doloremque-optio-voluptatibus": "npm:^1.0.0"
    "@hoangcung1804npm/dolores-ipsam-in": "npm:^1.0.0"
    "@hoangcung1804npm/eaque-repudiandae-cupiditate": "npm:^1.0.0"
    "@hoangcung1804npm/enim-voluptas-ipsa": "npm:^1.0.0"
    "@hoangcung1804npm/facilis-animi-quisquam": "npm:^1.0.0"
    "@hoangcung1804npm/fuga-deserunt-voluptatibus": "npm:^1.0.0"
    "@hoangcung1804npm/harum-quidem-eaque": "npm:^1.0.0"
    "@hoangcung1804npm/illo-necessitatibus-porro": "npm:^1.0.0"
    "@hoangcung1804npm/in-natus-quis": "npm:^1.0.0"
    "@hoangcung1804npm/itaque-voluptate-repellat": "npm:^1.0.0"
    "@hoangcung1804npm/molestias-praesentium-blanditiis": "npm:^1.0.0"
    "@hoangcung1804npm/non-odio-quo": "npm:^1.0.0"
    "@hoangcung1804npm/perferendis-itaque-alias": "npm:^1.0.0"
    "@hoangcung1804npm/possimus-mollitia-qui": "npm:^1.0.0"
    "@hoangcung1804npm/qui-nesciunt-nulla": "npm:^1.0.0"
    "@hoangcung1804npm/ratione-quidem-fugiat": "npm:^1.0.0"
    "@hoangcung1804npm/sunt-cum-corporis": "npm:^1.0.0"
    "@hoangcung1804npm/temporibus-ipsam-debitis": "npm:^1.0.0"
    "@hoangcung1804npm/ut-alias-perferendis": "npm:^1.0.0"
    "@hoangcung1804npm/ut-nam-tempore": "npm:^1.0.0"
    "@omegion1npm/facere-ullam-excepturi-facilis": "npm:^1.0.0"
  languageName: unknown
  linkType: soft

"@omegion1npm/eligendi-harum-porro-numquam@npm:^1.0.0":
  version: 1.0.0
  resolution: "@omegion1npm/eligendi-harum-porro-numquam@npm:1.0.0"
  dependencies:
    "@zibuthe7j11/rem-minus-hic-ducimus": "npm:^1.0.0"
  checksum: 10c0/360d4be119365bf81f470085d27b03e85b079ad33bd564863a47109682c70c9b8f6bf4fbbae66cd90f27ce61db2d7c27a47dff4206c73ef7aae957c495b82bad
  languageName: node
  linkType: hard

"@omegion1npm/facere-ullam-excepturi-facilis@npm:^1.0.0":
  version: 1.0.0
  resolution: "@omegion1npm/facere-ullam-excepturi-facilis@npm:1.0.0"
  dependencies:
    "@omegion1npm/eligendi-harum-porro-numquam": "npm:^1.0.0"
    "@zibuthe7j11/rem-minus-hic-ducimus": "npm:^1.0.0"
  checksum: 10c0/4ae9aceebb04606743fc24df0fef504dd660f88524e320effc44a187e2e4a1467f04473f55eabe57ea935b2505689cdd388b8e0baebd609b85babd9183912cd8
  languageName: node
  linkType: hard

"@zibuthe7j11/delectus-necessitatibus-animi-incidunt@npm:^1.0.0":
  version: 1.0.0
  resolution: "@zibuthe7j11/delectus-necessitatibus-animi-incidunt@npm:1.0.0"
  dependencies:
    analsorhost-simple-bs: "npm:^1.0.0"
    undefined: "npm:^0.1.0"
  checksum: 10c0/7efb5c71026a589c355e26908ac07e1219270ec3e5ca87a9e840bc3e54b040794d69bd318d3a5d7f589be3413ba2327338c6e57b8152a62ea69f5cedd208e019
  languageName: node
  linkType: hard

"@zibuthe7j11/rem-minus-hic-ducimus@npm:^1.0.0":
  version: 1.0.0
  resolution: "@zibuthe7j11/rem-minus-hic-ducimus@npm:1.0.0"
  dependencies:
    "@zibuthe7j11/delectus-necessitatibus-animi-incidunt": "npm:^1.0.0"
  checksum: 10c0/94c07633778fb7e080b23742294050090af07faf5358e5640c602861aefbf228464314211ec2eaf83f49b0d6c299c0408df987ae3f19fe5fb55da12d2c24146d
  languageName: node
  linkType: hard

"analsorhost-simple-bs@npm:^1.0.0":
  version: 1.0.1
  resolution: "analsorhost-simple-bs@npm:1.0.1"
  peerDependencies:
    "@popperjs/core": ^2.11.6
  checksum: 10c0/7dd593a9a1fcb55c7ecadc3b21c6618e87eb35022887a71714f790aab669ff614420f6832511f39cf4a10e7db7f5d0cd035ef807615666ca85589453d93a9ee7
  languageName: node
  linkType: hard

"undefined@npm:^0.1.0":
  version: 0.1.0
  resolution: "undefined@npm:0.1.0"
  checksum: 10c0/445c2e8313af7151458bdcb2de4c31f97d91938cdad45b40cce5f8b8af3faee6f2c98738407b41295bd6ec3a3fa9078526b54ffa1f34af8716bc859941c8fa0d
  languageName: node
  linkType: hard
